
Microsoft Visual Studio Solution File, Format Version 12.00
# Visual Studio Version 17
VisualStudioVersion = 17.1.32127.271
MinimumVisualStudioVersion = 10.0.40219.1
Project("{9A19103F-16F7-4668-BE54-9A1E7A4F7556}") = "EconomicMF", "EconomicMF\EconomicMF.csproj", "{ED966F78-4B27-4BED-8E18-64140BCBABD6}"
EndProject
Project("{9A19103F-16F7-4668-BE54-9A1E7A4F7556}") = "EconomicMF.Domain", "EconomicMF.Domain\EconomicMF.Domain.csproj", "{373A758C-8B14-4C02-961D-2A61106E90F2}"
EndProject
Project("{9A19103F-16F7-4668-BE54-9A1E7A4F7556}") = "EconomicEF.Infraestructure", "EconomicEF.Infraestructure\EconomicEF.Infraestructure.csproj", "{10BFDA74-9800-40B8-AA1E-E3C29B89BDA6}"
EndProject
Project("{9A19103F-16F7-4668-BE54-9A1E7A4F7556}") = "EconomicMF.Services", "EconomicMF.AppCore\EconomicMF.Services.csproj", "{983CEF0B-61AF-4FE1-A5CB-8AE98444193F}"
EndProject
Project("{9A19103F-16F7-4668-BE54-9A1E7A4F7556}") = "EconomicEF.Common", "EconomicEF.Common\EconomicEF.Common.csproj", "{7318C8B1-4F44-435C-8AB4-20E9B518B545}"
EndProject
Global
	GlobalSection(SolutionConfigurationPlatforms) = preSolution
		Debug|Any CPU = Debug|Any CPU
		Release|Any CPU = Release|Any CPU
	EndGlobalSection
	GlobalSection(ProjectConfigurationPlatforms) = postSolution
		{ED966F78-4B27-4BED-8E18-64140BCBABD6}.Debug|Any CPU.ActiveCfg = Debug|Any CPU
		{ED966F78-4B27-4BED-8E18-64140BCBABD6}.Debug|Any CPU.Build.0 = Debug|Any CPU
		{ED966F78-4B27-4BED-8E18-64140BCBABD6}.Release|Any CPU.ActiveCfg = Release|Any CPU
		{ED966F78-4B27-4BED-8E18-64140BCBABD6}.Release|Any CPU.Build.0 = Release|Any CPU
		{373A758C-8B14-4C02-961D-2A61106E90F2}.Debug|Any CPU.ActiveCfg = Debug|Any CPU
		{373A758C-8B14-4C02-961D-2A61106E90F2}.Debug|Any CPU.Build.0 = Debug|Any CPU
		{373A758C-8B14-4C02-961D-2A61106E90F2}.Release|Any CPU.ActiveCfg = Release|Any CPU
		{373A758C-8B14-4C02-961D-2A61106E90F2}.Release|Any CPU.Build.0 = Release|Any CPU
		{10BFDA74-9800-40B8-AA1E-E3C29B89BDA6}.Debug|Any CPU.ActiveCfg = Debug|Any CPU
		{10BFDA74-9800-40B8-AA1E-E3C29B89BDA6}.Debug|Any CPU.Build.0 = Debug|Any CPU
		{10BFDA74-9800-40B8-AA1E-E3C29B89BDA6}.Release|Any CPU.ActiveCfg = Release|Any CPU
		{10BFDA74-9800-40B8-AA1E-E3C29B89BDA6}.Release|Any CPU.Build.0 = Release|Any CPU
		{983CEF0B-61AF-4FE1-A5CB-8AE98444193F}.Debug|Any CPU.ActiveCfg = Debug|Any CPU
		{983CEF0B-61AF-4FE1-A5CB-8AE98444193F}.Debug|Any CPU.Build.0 = Debug|Any CPU
		{983CEF0B-61AF-4FE1-A5CB-8AE98444193F}.Release|Any CPU.ActiveCfg = Release|Any CPU
		{983CEF0B-61AF-4FE1-A5CB-8AE98444193F}.Release|Any CPU.Build.0 = Release|Any CPU
		{7318C8B1-4F44-435C-8AB4-20E9B518B545}.Debug|Any CPU.ActiveCfg = Debug|Any CPU
		{7318C8B1-4F44-435C-8AB4-20E9B518B545}.Debug|Any CPU.Build.0 = Debug|Any CPU
		{7318C8B1-4F44-435C-8AB4-20E9B518B545}.Release|Any CPU.ActiveCfg = Release|Any CPU
		{7318C8B1-4F44-435C-8AB4-20E9B518B545}.Release|Any CPU.Build.0 = Release|Any CPU
	EndGlobalSection
	GlobalSection(SolutionProperties) = preSolution
		HideSolutionNode = FALSE
	EndGlobalSection
	GlobalSection(ExtensibilityGlobals) = postSolution
		SolutionGuid = {C1F02BE1-C8AA-4B0C-AD50-D0E7F510F656}
	EndGlobalSection
EndGlobal
